// !$*UTF8*$!
{
	archiveVersion = 1;
	classes = {
	};
	objectVersion = 56;
	objects = {

/* Begin PBXBuildFile section */
		8C26CA1629E9D10E00784398 /* AppDelegate.swift in Sources */ = {isa = PBXBuildFile; fileRef = 8C26CA1529E9D10E00784398 /* AppDelegate.swift */; };
		8C26CA1829E9D10E00784398 /* SceneDelegate.swift in Sources */ = {isa = PBXBuildFile; fileRef = 8C26CA1729E9D10E00784398 /* SceneDelegate.swift */; };
		8C26CA1D29E9D10E00784398 /* Main.storyboard in Resources */ = {isa = PBXBuildFile; fileRef = 8C26CA1B29E9D10E00784398 /* Main.storyboard */; };
		8C26CA1F29E9D10F00784398 /* Assets.xcassets in Resources */ = {isa = PBXBuildFile; fileRef = 8C26CA1E29E9D10F00784398 /* Assets.xcassets */; };
		8C26CA2229E9D10F00784398 /* LaunchScreen.storyboard in Resources */ = {isa = PBXBuildFile; fileRef = 8C26CA2029E9D10F00784398 /* LaunchScreen.storyboard */; };
		8C26CA2B29E9D1AB00784398 /* Realm in Frameworks */ = {isa = PBXBuildFile; productRef = 8C26CA2A29E9D1AB00784398 /* Realm */; };
		8C26CA2D29E9D1AB00784398 /* RealmSwift in Frameworks */ = {isa = PBXBuildFile; productRef = 8C26CA2C29E9D1AB00784398 /* RealmSwift */; };
		8C26CA2F29E9D1CB00784398 /* StorageManager.swift in Sources */ = {isa = PBXBuildFile; fileRef = 8C26CA2E29E9D1CB00784398 /* StorageManager.swift */; };
		8C26CA3129E9DB4F00784398 /* TaskList.swift in Sources */ = {isa = PBXBuildFile; fileRef = 8C26CA3029E9DB4F00784398 /* TaskList.swift */; };
		8C26CA3729E9DCFD00784398 /* AlertController.swift in Sources */ = {isa = PBXBuildFile; fileRef = 8C26CA3629E9DCFD00784398 /* AlertController.swift */; };
		8CAF065C29EDD48800B0379F /* DataStore.swift in Sources */ = {isa = PBXBuildFile; fileRef = 8CAF065B29EDD48800B0379F /* DataStore.swift */; };
		8CB75D4E29EB3AF200F5D66D /* MainTaskViewController.swift in Sources */ = {isa = PBXBuildFile; fileRef = 8CB75D4D29EB3AF200F5D66D /* MainTaskViewController.swift */; };
		8CB75D5029EB3B0900F5D66D /* TasksViewController.swift in Sources */ = {isa = PBXBuildFile; fileRef = 8CB75D4F29EB3B0900F5D66D /* TasksViewController.swift */; };
/* End PBXBuildFile section */

/* Begin PBXFileReference section */
		8C26CA1229E9D10E00784398 /* Realm HM.app */ = {isa = PBXFileReference; explicitFileType = wrapper.application; includeInIndex = 0; path = "Realm HM.app"; sourceTree = BUILT_PRODUCTS_DIR; };
		8C26CA1529E9D10E00784398 /* AppDelegate.swift */ = {isa = PBXFileReference; lastKnownFileType = sourcecode.swift; path = AppDelegate.swift; sourceTree = "<group>"; };
		8C26CA1729E9D10E00784398 /* SceneDelegate.swift */ = {isa = PBXFileReference; lastKnownFileType = sourcecode.swift; path = SceneDelegate.swift; sourceTree = "<group>"; };
		8C26CA1C29E9D10E00784398 /* Base */ = {isa = PBXFileReference; lastKnownFileType = file.storyboard; name = Base; path = Base.lproj/Main.storyboard; sourceTree = "<group>"; };
		8C26CA1E29E9D10F00784398 /* Assets.xcassets */ = {isa = PBXFileReference; lastKnownFileType = folder.assetcatalog; path = Assets.xcassets; sourceTree = "<group>"; };
		8C26CA2129E9D10F00784398 /* Base */ = {isa = PBXFileReference; lastKnownFileType = file.storyboard; name = Base; path = Base.lproj/LaunchScreen.storyboard; sourceTree = "<group>"; };
		8C26CA2329E9D10F00784398 /* Info.plist */ = {isa = PBXFileReference; lastKnownFileType = text.plist.xml; path = Info.plist; sourceTree = "<group>"; };
		8C26CA2E29E9D1CB00784398 /* StorageManager.swift */ = {isa = PBXFileReference; lastKnownFileType = sourcecode.swift; path = StorageManager.swift; sourceTree = "<group>"; };
		8C26CA3029E9DB4F00784398 /* TaskList.swift */ = {isa = PBXFileReference; lastKnownFileType = sourcecode.swift; path = TaskList.swift; sourceTree = "<group>"; };
		8C26CA3629E9DCFD00784398 /* AlertController.swift */ = {isa = PBXFileReference; lastKnownFileType = sourcecode.swift; path = AlertController.swift; sourceTree = "<group>"; };
		8CAF065B29EDD48800B0379F /* DataStore.swift */ = {isa = PBXFileReference; lastKnownFileType = sourcecode.swift; path = DataStore.swift; sourceTree = "<group>"; };
		8CB75D4D29EB3AF200F5D66D /* MainTaskViewController.swift */ = {isa = PBXFileReference; lastKnownFileType = sourcecode.swift; path = MainTaskViewController.swift; sourceTree = "<group>"; };
		8CB75D4F29EB3B0900F5D66D /* TasksViewController.swift */ = {isa = PBXFileReference; lastKnownFileType = sourcecode.swift; path = TasksViewController.swift; sourceTree = "<group>"; };
/* End PBXFileReference section */

/* Begin PBXFrameworksBuildPhase section */
		8C26CA0F29E9D10E00784398 /* Frameworks */ = {
			isa = PBXFrameworksBuildPhase;
			buildActionMask = 2147483647;
			files = (
				8C26CA2D29E9D1AB00784398 /* RealmSwift in Frameworks */,
				8C26CA2B29E9D1AB00784398 /* Realm in Frameworks */,
			);
			runOnlyForDeploymentPostprocessing = 0;
		};
/* End PBXFrameworksBuildPhase section */

/* Begin PBXGroup section */
		8C26CA0929E9D10E00784398 = {
			isa = PBXGroup;
			children = (
				8C26CA3329E9DC7F00784398 /* Service */,
				8C26CA3229E9DC7000784398 /* Model */,
				8C26CA3829E9E11200784398 /* ViewController */,
				8C26CA1429E9D10E00784398 /* Realm HM */,
				8C26CA1329E9D10E00784398 /* Products */,
			);
			sourceTree = "<group>";
		};
		8C26CA1329E9D10E00784398 /* Products */ = {
			isa = PBXGroup;
			children = (
				8C26CA1229E9D10E00784398 /* Realm HM.app */,
			);
			name = Products;
			sourceTree = "<group>";
		};
		8C26CA1429E9D10E00784398 /* Realm HM */ = {
			isa = PBXGroup;
			children = (
				8CB75D4F29EB3B0900F5D66D /* TasksViewController.swift */,
				8CB75D5229EB3B2900F5D66D /* Storyboard */,
				8CB75D5329EB3B4500F5D66D /* Scene */,
				8CB75D5129EB3B1700F5D66D /* App */,
				8C26CA1E29E9D10F00784398 /* Assets.xcassets */,
				8C26CA2329E9D10F00784398 /* Info.plist */,
			);
			path = "Realm HM";
			sourceTree = "<group>";
		};
		8C26CA3229E9DC7000784398 /* Model */ = {
			isa = PBXGroup;
			children = (
				8C26CA3029E9DB4F00784398 /* TaskList.swift */,
			);
			path = Model;
			sourceTree = "<group>";
		};
		8C26CA3329E9DC7F00784398 /* Service */ = {
			isa = PBXGroup;
			children = (
				8C26CA2E29E9D1CB00784398 /* StorageManager.swift */,
				8CAF065B29EDD48800B0379F /* DataStore.swift */,
			);
			path = Service;
			sourceTree = "<group>";
		};
		8C26CA3829E9E11200784398 /* ViewController */ = {
			isa = PBXGroup;
			children = (
				8CB75D4D29EB3AF200F5D66D /* MainTaskViewController.swift */,
				8C26CA3629E9DCFD00784398 /* AlertController.swift */,
			);
			path = ViewController;
			sourceTree = "<group>";
		};
		8CB75D5129EB3B1700F5D66D /* App */ = {
			isa = PBXGroup;
			children = (
				8C26CA1529E9D10E00784398 /* AppDelegate.swift */,
			);
			path = App;
			sourceTree = "<group>";
		};
		8CB75D5229EB3B2900F5D66D /* Storyboard */ = {
			isa = PBXGroup;
			children = (
				8C26CA1B29E9D10E00784398 /* Main.storyboard */,
				8C26CA2029E9D10F00784398 /* LaunchScreen.storyboard */,
			);
			path = Storyboard;
			sourceTree = "<group>";
		};
		8CB75D5329EB3B4500F5D66D /* Scene */ = {
			isa = PBXGroup;
			children = (
				8C26CA1729E9D10E00784398 /* SceneDelegate.swift */,
			);
			path = Scene;
			sourceTree = "<group>";
		};
/* End PBXGroup section */

/* Begin PBXNativeTarget section */
		8C26CA1129E9D10E00784398 /* Realm HM */ = {
			isa = PBXNativeTarget;
			buildConfigurationList = 8C26CA2629E9D10F00784398 /* Build configuration list for PBXNativeTarget "Realm HM" */;
			buildPhases = (
				8C26CA0E29E9D10E00784398 /* Sources */,
				8C26CA0F29E9D10E00784398 /* Frameworks */,
				8C26CA1029E9D10E00784398 /* Resources */,
			);
			buildRules = (
			);
			dependencies = (
			);
			name = "Realm HM";
			packageProductDependencies = (
				8C26CA2A29E9D1AB00784398 /* Realm */,
				8C26CA2C29E9D1AB00784398 /* RealmSwift */,
			);
			productName = "Realm HM";
			productReference = 8C26CA1229E9D10E00784398 /* Realm HM.app */;
			productType = "com.apple.product-type.application";
		};
/* End PBXNativeTarget section */

/* Begin PBXProject section */
		8C26CA0A29E9D10E00784398 /* Project object */ = {
			isa = PBXProject;
			attributes = {
				BuildIndependentTargetsInParallel = 1;
				LastSwiftUpdateCheck = 1410;
				LastUpgradeCheck = 1410;
				TargetAttributes = {
					8C26CA1129E9D10E00784398 = {
						CreatedOnToolsVersion = 14.1;
					};
				};
			};
			buildConfigurationList = 8C26CA0D29E9D10E00784398 /* Build configuration list for PBXProject "Realm HM" */;
			compatibilityVersion = "Xcode 14.0";
			developmentRegion = en;
			hasScannedForEncodings = 0;
			knownRegions = (
				en,
				Base,
			);
			mainGroup = 8C26CA0929E9D10E00784398;
			packageReferences = (
				8C26CA2929E9D1AB00784398 /* XCRemoteSwiftPackageReference "realm-swift" */,
			);
			productRefGroup = 8C26CA1329E9D10E00784398 /* Products */;
			projectDirPath = "";
			projectRoot = "";
			targets = (
				8C26CA1129E9D10E00784398 /* Realm HM */,
			);
		};
/* End PBXProject section */

/* Begin PBXResourcesBuildPhase section */
		8C26CA1029E9D10E00784398 /* Resources */ = {
			isa = PBXResourcesBuildPhase;
			buildActionMask = 2147483647;
			files = (
				8C26CA2229E9D10F00784398 /* LaunchScreen.storyboard in Resources */,
				8C26CA1F29E9D10F00784398 /* Assets.xcassets in Resources */,
				8C26CA1D29E9D10E00784398 /* Main.storyboard in Resources */,
			);
			runOnlyForDeploymentPostprocessing = 0;
		};
/* End PBXResourcesBuildPhase section */

/* Begin PBXSourcesBuildPhase section */
		8C26CA0E29E9D10E00784398 /* Sources */ = {
			isa = PBXSourcesBuildPhase;
			buildActionMask = 2147483647;
			files = (
				8CB75D4E29EB3AF200F5D66D /* MainTaskViewController.swift in Sources */,
				8CAF065C29EDD48800B0379F /* DataStore.swift in Sources */,
				8C26CA3129E9DB4F00784398 /* TaskList.swift in Sources */,
				8C26CA1629E9D10E00784398 /* AppDelegate.swift in Sources */,
				8CB75D5029EB3B0900F5D66D /* TasksViewController.swift in Sources */,
				8C26CA1829E9D10E00784398 /* SceneDelegate.swift in Sources */,
				8C26CA3729E9DCFD00784398 /* AlertController.swift in Sources */,
				8C26CA2F29E9D1CB00784398 /* StorageManager.swift in Sources */,
			);
			runOnlyForDeploymentPostprocessing = 0;
		};
/* End PBXSourcesBuildPhase section */

/* Begin PBXVariantGroup section */
		8C26CA1B29E9D10E00784398 /* Main.storyboard */ = {
			isa = PBXVariantGroup;
			children = (
				8C26CA1C29E9D10E00784398 /* Base */,
			);
			name = Main.storyboard;
			sourceTree = "<group>";
		};
		8C26CA2029E9D10F00784398 /* LaunchScreen.storyboard */ = {
			isa = PBXVariantGroup;
			children = (
				8C26CA2129E9D10F00784398 /* Base */,
			);
			name = LaunchScreen.storyboard;
			sourceTree = "<group>";
		};
/* End PBXVariantGroup section */

/* Begin XCBuildConfiguration section */
		8C26CA2429E9D10F00784398 /* Debug */ = {
			isa = XCBuildConfiguration;
			buildSettings = {
				ALWAYS_SEARCH_USER_PATHS = NO;
				CLANG_ANALYZER_NONNULL = YES;
				CLANG_ANALYZER_NUMBER_OBJECT_CONVERSION = YES_AGGRESSIVE;
				CLANG_CXX_LANGUAGE_STANDARD = "gnu++20";
				CLANG_ENABLE_MODULES = YES;
				CLANG_ENABLE_OBJC_ARC = YES;
				CLANG_ENABLE_OBJC_WEAK = YES;
				CLANG_WARN_BLOCK_CAPTURE_AUTORELEASING = YES;
				CLANG_WARN_BOOL_CONVERSION = YES;
				CLANG_WARN_COMMA = YES;
				CLANG_WARN_CONSTANT_CONVERSION = YES;
				CLANG_WARN_DEPRECATED_OBJC_IMPLEMENTATIONS = YES;
				CLANG_WARN_DIRECT_OBJC_ISA_USAGE = YES_ERROR;
				CLANG_WARN_DOCUMENTATION_COMMENTS = YES;
				CLANG_WARN_EMPTY_BODY = YES;
				CLANG_WARN_ENUM_CONVERSION = YES;
				CLANG_WARN_INFINITE_RECURSION = YES;
				CLANG_WARN_INT_CONVERSION = YES;
				CLANG_WARN_NON_LITERAL_NULL_CONVERSION = YES;
				CLANG_WARN_OBJC_IMPLICIT_RETAIN_SELF = YES;
				CLANG_WARN_OBJC_LITERAL_CONVERSION = YES;
				CLANG_WARN_OBJC_ROOT_CLASS = YES_ERROR;
				CLANG_WARN_QUOTED_INCLUDE_IN_FRAMEWORK_HEADER = YES;
				CLANG_WARN_RANGE_LOOP_ANALYSIS = YES;
				CLANG_WARN_STRICT_PROTOTYPES = YES;
				CLANG_WARN_SUSPICIOUS_MOVE = YES;
				CLANG_WARN_UNGUARDED_AVAILABILITY = YES_AGGRESSIVE;
				CLANG_WARN_UNREACHABLE_CODE = YES;
				CLANG_WARN__DUPLICATE_METHOD_MATCH = YES;
				COPY_PHASE_STRIP = NO;
				DEBUG_INFORMATION_FORMAT = dwarf;
				ENABLE_STRICT_OBJC_MSGSEND = YES;
				ENABLE_TESTABILITY = YES;
				GCC_C_LANGUAGE_STANDARD = gnu11;
				GCC_DYNAMIC_NO_PIC = NO;
				GCC_NO_COMMON_BLOCKS = YES;
				GCC_OPTIMIZATION_LEVEL = 0;
				GCC_PREPROCESSOR_DEFINITIONS = (
					"DEBUG=1",
					"$(inherited)",
				);
				GCC_WARN_64_TO_32_BIT_CONVERSION = YES;
				GCC_WARN_ABOUT_RETURN_TYPE = YES_ERROR;
				GCC_WARN_UNDECLARED_SELECTOR = YES;
				GCC_WARN_UNINITIALIZED_AUTOS = YES_AGGRESSIVE;
				GCC_WARN_UNUSED_FUNCTION = YES;
				GCC_WARN_UNUSED_VARIABLE = YES;
				IPHONEOS_DEPLOYMENT_TARGET = 16.1;
				MTL_ENABLE_DEBUG_INFO = INCLUDE_SOURCE;
				MTL_FAST_MATH = YES;
				ONLY_ACTIVE_ARCH = YES;
				SDKROOT = iphoneos;
				SWIFT_ACTIVE_COMPILATION_CONDITIONS = DEBUG;
				SWIFT_OPTIMIZATION_LEVEL = "-Onone";
			};
			name = Debug;
		};
		8C26CA2529E9D10F00784398 /* Release */ = {
			isa = XCBuildConfiguration;
			buildSettings = {
				ALWAYS_SEARCH_USER_PATHS = NO;
				CLANG_ANALYZER_NONNULL = YES;
				CLANG_ANALYZER_NUMBER_OBJECT_CONVERSION = YES_AGGRESSIVE;
				CLANG_CXX_LANGUAGE_STANDARD = "gnu++20";
				CLANG_ENABLE_MODULES = YES;
				CLANG_ENABLE_OBJC_ARC = YES;
				CLANG_ENABLE_OBJC_WEAK = YES;
				CLANG_WARN_BLOCK_CAPTURE_AUTORELEASING = YES;
				CLANG_WARN_BOOL_CONVERSION = YES;
				CLANG_WARN_COMMA = YES;
				CLANG_WARN_CONSTANT_CONVERSION = YES;
				CLANG_WARN_DEPRECATED_OBJC_IMPLEMENTATIONS = YES;
				CLANG_WARN_DIRECT_OBJC_ISA_USAGE = YES_ERROR;
				CLANG_WARN_DOCUMENTATION_COMMENTS = YES;
				CLANG_WARN_EMPTY_BODY = YES;
				CLANG_WARN_ENUM_CONVERSION = YES;
				CLANG_WARN_INFINITE_RECURSION = YES;
				CLANG_WARN_INT_CONVERSION = YES;
				CLANG_WARN_NON_LITERAL_NULL_CONVERSION = YES;
				CLANG_WARN_OBJC_IMPLICIT_RETAIN_SELF = YES;
				CLANG_WARN_OBJC_LITERAL_CONVERSION = YES;
				CLANG_WARN_OBJC_ROOT_CLASS = YES_ERROR;
				CLANG_WARN_QUOTED_INCLUDE_IN_FRAMEWORK_HEADER = YES;
				CLANG_WARN_RANGE_LOOP_ANALYSIS = YES;
				CLANG_WARN_STRICT_PROTOTYPES = YES;
				CLANG_WARN_SUSPICIOUS_MOVE = YES;
				CLANG_WARN_UNGUARDED_AVAILABILITY = YES_AGGRESSIVE;
				CLANG_WARN_UNREACHABLE_CODE = YES;
				CLANG_WARN__DUPLICATE_METHOD_MATCH = YES;
				COPY_PHASE_STRIP = NO;
				DEBUG_INFORMATION_FORMAT = "dwarf-with-dsym";
				ENABLE_NS_ASSERTIONS = NO;
				ENABLE_STRICT_OBJC_MSGSEND = YES;
				GCC_C_LANGUAGE_STANDARD = gnu11;
				GCC_NO_COMMON_BLOCKS = YES;
				GCC_WARN_64_TO_32_BIT_CONVERSION = YES;
				GCC_WARN_ABOUT_RETURN_TYPE = YES_ERROR;
				GCC_WARN_UNDECLARED_SELECTOR = YES;
				GCC_WARN_UNINITIALIZED_AUTOS = YES_AGGRESSIVE;
				GCC_WARN_UNUSED_FUNCTION = YES;
				GCC_WARN_UNUSED_VARIABLE = YES;
				IPHONEOS_DEPLOYMENT_TARGET = 16.1;
				MTL_ENABLE_DEBUG_INFO = NO;
				MTL_FAST_MATH = YES;
				SDKROOT = iphoneos;
				SWIFT_COMPILATION_MODE = wholemodule;
				SWIFT_OPTIMIZATION_LEVEL = "-O";
				VALIDATE_PRODUCT = YES;
			};
			name = Release;
		};
		8C26CA2729E9D10F00784398 /* Debug */ = {
			isa = XCBuildConfiguration;
			buildSettings = {
				ASSETCATALOG_COMPILER_APPICON_NAME = AppIcon;
				ASSETCATALOG_COMPILER_GLOBAL_ACCENT_COLOR_NAME = AccentColor;
				CODE_SIGN_STYLE = Automatic;
				CURRENT_PROJECT_VERSION = 1;
				GENERATE_INFOPLIST_FILE = YES;
				INFOPLIST_FILE = "Realm HM/Info.plist";
				INFOPLIST_KEY_UIApplicationSupportsIndirectInputEvents = YES;
				INFOPLIST_KEY_UILaunchStoryboardName = LaunchScreen;
				INFOPLIST_KEY_UIMainStoryboardFile = Main;
				INFOPLIST_KEY_UISupportedInterfaceOrientations_iPad = "UIInterfaceOrientationPortrait UIInterfaceOrientationPortraitUpsideDown UIInterfaceOrientationLandscapeLeft UIInterfaceOrientationLandscapeRight";
				INFOPLIST_KEY_UISupportedInterfaceOrientations_iPhone = "UIInterfaceOrientationPortrait UIInterfaceOrientationLandscapeLeft UIInterfaceOrientationLandscapeRight";
				LD_RUNPATH_SEARCH_PATHS = (
					"$(inherited)",
					"@executable_path/Frameworks",
				);
				MARKETING_VERSION = 1.0;
				PRODUCT_BUNDLE_IDENTIFIER = "Tatarax.Realm-HM";
				PRODUCT_NAME = "$(TARGET_NAME)";
				SUPPORTED_PLATFORMS = "iphoneos iphonesimulator";
				SUPPORTS_MACCATALYST = NO;
				SUPPORTS_MAC_DESIGNED_FOR_IPHONE_IPAD = NO;
				SWIFT_EMIT_LOC_STRINGS = YES;
				SWIFT_VERSION = 5.0;
				TARGETED_DEVICE_FAMILY = 1;
			};
			name = Debug;
		};
		8C26CA2829E9D10F00784398 /* Release */ = {
			isa = XCBuildConfiguration;
			buildSettings = {
				ASSETCATALOG_COMPILER_APPICON_NAME = AppIcon;
				ASSETCATALOG_COMPILER_GLOBAL_ACCENT_COLOR_NAME = AccentColor;
				CODE_SIGN_STYLE = Automatic;
				CURRENT_PROJECT_VERSION = 1;
				GENERATE_INFOPLIST_FILE = YES;
				INFOPLIST_FILE = "Realm HM/Info.plist";
				INFOPLIST_KEY_UIApplicationSupportsIndirectInputEvents = YES;
				INFOPLIST_KEY_UILaunchStoryboardName = LaunchScreen;
				INFOPLIST_KEY_UIMainStoryboardFile = Main;
				INFOPLIST_KEY_UISupportedInterfaceOrientations_iPad = "UIInterfaceOrientationPortrait UIInterfaceOrientationPortraitUpsideDown UIInterfaceOrientationLandscapeLeft UIInterfaceOrientationLandscapeRight";
				INFOPLIST_KEY_UISupportedInterfaceOrientations_iPhone = "UIInterfaceOrientationPortrait UIInterfaceOrientationLandscapeLeft UIInterfaceOrientationLandscapeRight";
				LD_RUNPATH_SEARCH_PATHS = (
					"$(inherited)",
					"@executable_path/Frameworks",
				);
				MARKETING_VERSION = 1.0;
				PRODUCT_BUNDLE_IDENTIFIER = "Tatarax.Realm-HM";
				PRODUCT_NAME = "$(TARGET_NAME)";
				SUPPORTED_PLATFORMS = "iphoneos iphonesimulator";
				SUPPORTS_MACCATALYST = NO;
				SUPPORTS_MAC_DESIGNED_FOR_IPHONE_IPAD = NO;
				SWIFT_EMIT_LOC_STRINGS = YES;
				SWIFT_VERSION = 5.0;
				TARGETED_DEVICE_FAMILY = 1;
			};
			name = Release;
		};
/* End XCBuildConfiguration section */

/* Begin XCConfigurationList section */
		8C26CA0D29E9D10E00784398 /* Build configuration list for PBXProject "Realm HM" */ = {
			isa = XCConfigurationList;
			buildConfigurations = (
				8C26CA2429E9D10F00784398 /* Debug */,
				8C26CA2529E9D10F00784398 /* Release */,
			);
			defaultConfigurationIsVisible = 0;
			defaultConfigurationName = Release;
		};
		8C26CA2629E9D10F00784398 /* Build configuration list for PBXNativeTarget "Realm HM" */ = {
			isa = XCConfigurationList;
			buildConfigurations = (
				8C26CA2729E9D10F00784398 /* Debug */,
				8C26CA2829E9D10F00784398 /* Release */,
			);
			defaultConfigurationIsVisible = 0;
			defaultConfigurationName = Release;
		};
/* End XCConfigurationList section */

/* Begin XCRemoteSwiftPackageReference section */
		8C26CA2929E9D1AB00784398 /* XCRemoteSwiftPackageReference "realm-swift" */ = {
			isa = XCRemoteSwiftPackageReference;
			repositoryURL = "https://github.com/realm/realm-swift.git";
			requirement = {
				branch = master;
				kind = branch;
			};
		};
/* End XCRemoteSwiftPackageReference section */

/* Begin XCSwiftPackageProductDependency section */
		8C26CA2A29E9D1AB00784398 /* Realm */ = {
			isa = XCSwiftPackageProductDependency;
			package = 8C26CA2929E9D1AB00784398 /* XCRemoteSwiftPackageReference "realm-swift" */;
			productName = Realm;
		};
		8C26CA2C29E9D1AB00784398 /* RealmSwift */ = {
			isa = XCSwiftPackageProductDependency;
			package = 8C26CA2929E9D1AB00784398 /* XCRemoteSwiftPackageReference "realm-swift" */;
			productName = RealmSwift;
		};
/* End XCSwiftPackageProductDependency section */
	};
	rootObject = 8C26CA0A29E9D10E00784398 /* Project object */;
}
